
Microsoft Visual Studio Solution File, Format Version 12.00
# Visual Studio 15
VisualStudioVersion = 15.0.27130.2020
MinimumVisualStudioVersion = 10.0.40219.1
Project("{D954291E-2A0B-460D-934E-DC6B0785DB48}") = "ArcGISApp.Shared", "ArcGISApp\ArcGISApp.Shared\ArcGISApp.Shared.shproj", "{A984549C-5541-4556-B7B7-8C40CA660A0B}"
EndProject
Project("{FAE04EC0-301F-11D3-BF4B-00C04F79EFBC}") = "ArcGISApp.iOS", "ArcGISApp\ArcGISApp.iOS\ArcGISApp.iOS.csproj", "{9E1629CC-AD77-4875-9947-33DB8C10D292}"
EndProject
Project("{FAE04EC0-301F-11D3-BF4B-00C04F79EFBC}") = "ArcGISApp.Android", "ArcGISApp\ArcGISApp.Android\ArcGISApp.Android.csproj", "{93B22C3D-82A4-4CE9-BCD9-C7A3924A09BC}"
EndProject
Project("{FAE04EC0-301F-11D3-BF4B-00C04F79EFBC}") = "ArcGISApp.UWP", "ArcGISApp\ArcGISApp.UWP\ArcGISApp.UWP.csproj", "{08525BDA-F6A2-49AA-A3E5-BBFABCBA691C}"
EndProject
Global
	GlobalSection(SharedMSBuildProjectFiles) = preSolution
		ArcGISApp\ArcGISApp.Shared\ArcGISApp.Shared.projitems*{08525bda-f6a2-49aa-a3e5-bbfabcba691c}*SharedItemsImports = 4
		ArcGISApp\ArcGISApp.Shared\ArcGISApp.Shared.projitems*{93b22c3d-82a4-4ce9-bcd9-c7a3924a09bc}*SharedItemsImports = 4
		ArcGISApp\ArcGISApp.Shared\ArcGISApp.Shared.projitems*{9e1629cc-ad77-4875-9947-33db8c10d292}*SharedItemsImports = 4
		ArcGISApp\ArcGISApp.Shared\ArcGISApp.Shared.projitems*{a984549c-5541-4556-b7b7-8c40ca660a0b}*SharedItemsImports = 13
	EndGlobalSection
	GlobalSection(SolutionConfigurationPlatforms) = preSolution
		Ad-Hoc|Any CPU = Ad-Hoc|Any CPU
		Ad-Hoc|ARM = Ad-Hoc|ARM
		Ad-Hoc|iPhone = Ad-Hoc|iPhone
		Ad-Hoc|iPhoneSimulator = Ad-Hoc|iPhoneSimulator
		Ad-Hoc|x64 = Ad-Hoc|x64
		Ad-Hoc|x86 = Ad-Hoc|x86
		AppStore|Any CPU = AppStore|Any CPU
		AppStore|ARM = AppStore|ARM
		AppStore|iPhone = AppStore|iPhone
		AppStore|iPhoneSimulator = AppStore|iPhoneSimulator
		AppStore|x64 = AppStore|x64
		AppStore|x86 = AppStore|x86
		Debug|Any CPU = Debug|Any CPU
		Debug|ARM = Debug|ARM
		Debug|iPhone = Debug|iPhone
		Debug|iPhoneSimulator = Debug|iPhoneSimulator
		Debug|x64 = Debug|x64
		Debug|x86 = Debug|x86
		Release|Any CPU = Release|Any CPU
		Release|ARM = Release|ARM
		Release|iPhone = Release|iPhone
		Release|iPhoneSimulator = Release|iPhoneSimulator
		Release|x64 = Release|x64
		Release|x86 = Release|x86
	EndGlobalSection
	GlobalSection(ProjectConfigurationPlatforms) = postSolution
		{9E1629CC-AD77-4875-9947-33DB8C10D292}.Ad-Hoc|Any CPU.ActiveCfg = Ad-Hoc|iPhone
		{9E1629CC-AD77-4875-9947-33DB8C10D292}.Ad-Hoc|ARM.ActiveCfg = Ad-Hoc|iPhone
		{9E1629CC-AD77-4875-9947-33DB8C10D292}.Ad-Hoc|iPhone.ActiveCfg = Ad-Hoc|iPhone
		{9E1629CC-AD77-4875-9947-33DB8C10D292}.Ad-Hoc|iPhone.Build.0 = Ad-Hoc|iPhone
		{9E1629CC-AD77-4875-9947-33DB8C10D292}.Ad-Hoc|iPhoneSimulator.ActiveCfg = Ad-Hoc|iPhoneSimulator
		{9E1629CC-AD77-4875-9947-33DB8C10D292}.Ad-Hoc|iPhoneSimulator.Build.0 = Ad-Hoc|iPhoneSimulator
		{9E1629CC-AD77-4875-9947-33DB8C10D292}.Ad-Hoc|x64.ActiveCfg = Ad-Hoc|iPhone
		{9E1629CC-AD77-4875-9947-33DB8C10D292}.Ad-Hoc|x86.ActiveCfg = Ad-Hoc|iPhone
		{9E1629CC-AD77-4875-9947-33DB8C10D292}.AppStore|Any CPU.ActiveCfg = AppStore|iPhone
		{9E1629CC-AD77-4875-9947-33DB8C10D292}.AppStore|ARM.ActiveCfg = AppStore|iPhone
		{9E1629CC-AD77-4875-9947-33DB8C10D292}.AppStore|iPhone.ActiveCfg = AppStore|iPhone
		{9E1629CC-AD77-4875-9947-33DB8C10D292}.AppStore|iPhone.Build.0 = AppStore|iPhone
		{9E1629CC-AD77-4875-9947-33DB8C10D292}.AppStore|iPhoneSimulator.ActiveCfg = AppStore|iPhoneSimulator
		{9E1629CC-AD77-4875-9947-33DB8C10D292}.AppStore|iPhoneSimulator.Build.0 = AppStore|iPhoneSimulator
		{9E1629CC-AD77-4875-9947-33DB8C10D292}.AppStore|x64.ActiveCfg = AppStore|iPhone
		{9E1629CC-AD77-4875-9947-33DB8C10D292}.AppStore|x86.ActiveCfg = AppStore|iPhone
		{9E1629CC-AD77-4875-9947-33DB8C10D292}.Debug|Any CPU.ActiveCfg = Debug|iPhone
		{9E1629CC-AD77-4875-9947-33DB8C10D292}.Debug|ARM.ActiveCfg = Debug|iPhone
		{9E1629CC-AD77-4875-9947-33DB8C10D292}.Debug|iPhone.ActiveCfg = Debug|iPhone
		{9E1629CC-AD77-4875-9947-33DB8C10D292}.Debug|iPhone.Build.0 = Debug|iPhone
		{9E1629CC-AD77-4875-9947-33DB8C10D292}.Debug|iPhoneSimulator.ActiveCfg = Debug|iPhoneSimulator
		{9E1629CC-AD77-4875-9947-33DB8C10D292}.Debug|iPhoneSimulator.Build.0 = Debug|iPhoneSimulator
		{9E1629CC-AD77-4875-9947-33DB8C10D292}.Debug|x64.ActiveCfg = Debug|iPhone
		{9E1629CC-AD77-4875-9947-33DB8C10D292}.Debug|x86.ActiveCfg = Debug|iPhone
		{9E1629CC-AD77-4875-9947-33DB8C10D292}.Release|Any CPU.ActiveCfg = Release|iPhone
		{9E1629CC-AD77-4875-9947-33DB8C10D292}.Release|ARM.ActiveCfg = Release|iPhone
		{9E1629CC-AD77-4875-9947-33DB8C10D292}.Release|iPhone.ActiveCfg = Release|iPhone
		{9E1629CC-AD77-4875-9947-33DB8C10D292}.Release|iPhone.Build.0 = Release|iPhone
		{9E1629CC-AD77-4875-9947-33DB8C10D292}.Release|iPhoneSimulator.ActiveCfg = Release|iPhoneSimulator
		{9E1629CC-AD77-4875-9947-33DB8C10D292}.Release|iPhoneSimulator.Build.0 = Release|iPhoneSimulator
		{9E1629CC-AD77-4875-9947-33DB8C10D292}.Release|x64.ActiveCfg = Release|iPhone
		{9E1629CC-AD77-4875-9947-33DB8C10D292}.Release|x86.ActiveCfg = Release|iPhone
		{93B22C3D-82A4-4CE9-BCD9-C7A3924A09BC}.Ad-Hoc|Any CPU.ActiveCfg = Release|Any CPU
		{93B22C3D-82A4-4CE9-BCD9-C7A3924A09BC}.Ad-Hoc|Any CPU.Build.0 = Release|Any CPU
		{93B22C3D-82A4-4CE9-BCD9-C7A3924A09BC}.Ad-Hoc|Any CPU.Deploy.0 = Release|Any CPU
		{93B22C3D-82A4-4CE9-BCD9-C7A3924A09BC}.Ad-Hoc|ARM.ActiveCfg = Release|Any CPU
		{93B22C3D-82A4-4CE9-BCD9-C7A3924A09BC}.Ad-Hoc|ARM.Build.0 = Release|Any CPU
		{93B22C3D-82A4-4CE9-BCD9-C7A3924A09BC}.Ad-Hoc|ARM.Deploy.0 = Release|Any CPU
		{93B22C3D-82A4-4CE9-BCD9-C7A3924A09BC}.Ad-Hoc|iPhone.ActiveCfg = Release|Any CPU
		{93B22C3D-82A4-4CE9-BCD9-C7A3924A09BC}.Ad-Hoc|iPhone.Build.0 = Release|Any CPU
		{93B22C3D-82A4-4CE9-BCD9-C7A3924A09BC}.Ad-Hoc|iPhone.Deploy.0 = Release|Any CPU
		{93B22C3D-82A4-4CE9-BCD9-C7A3924A09BC}.Ad-Hoc|iPhoneSimulator.ActiveCfg = Release|Any CPU
		{93B22C3D-82A4-4CE9-BCD9-C7A3924A09BC}.Ad-Hoc|iPhoneSimulator.Build.0 = Release|Any CPU
		{93B22C3D-82A4-4CE9-BCD9-C7A3924A09BC}.Ad-Hoc|iPhoneSimulator.Deploy.0 = Release|Any CPU
		{93B22C3D-82A4-4CE9-BCD9-C7A3924A09BC}.Ad-Hoc|x64.ActiveCfg = Release|Any CPU
		{93B22C3D-82A4-4CE9-BCD9-C7A3924A09BC}.Ad-Hoc|x64.Build.0 = Release|Any CPU
		{93B22C3D-82A4-4CE9-BCD9-C7A3924A09BC}.Ad-Hoc|x64.Deploy.0 = Release|Any CPU
		{93B22C3D-82A4-4CE9-BCD9-C7A3924A09BC}.Ad-Hoc|x86.ActiveCfg = Release|Any CPU
		{93B22C3D-82A4-4CE9-BCD9-C7A3924A09BC}.Ad-Hoc|x86.Build.0 = Release|Any CPU
		{93B22C3D-82A4-4CE9-BCD9-C7A3924A09BC}.Ad-Hoc|x86.Deploy.0 = Release|Any CPU
		{93B22C3D-82A4-4CE9-BCD9-C7A3924A09BC}.AppStore|Any CPU.ActiveCfg = Release|Any CPU
		{93B22C3D-82A4-4CE9-BCD9-C7A3924A09BC}.AppStore|Any CPU.Build.0 = Release|Any CPU
		{93B22C3D-82A4-4CE9-BCD9-C7A3924A09BC}.AppStore|Any CPU.Deploy.0 = Release|Any CPU
		{93B22C3D-82A4-4CE9-BCD9-C7A3924A09BC}.AppStore|ARM.ActiveCfg = Release|Any CPU
		{93B22C3D-82A4-4CE9-BCD9-C7A3924A09BC}.AppStore|ARM.Build.0 = Release|Any CPU
		{93B22C3D-82A4-4CE9-BCD9-C7A3924A09BC}.AppStore|ARM.Deploy.0 = Release|Any CPU
		{93B22C3D-82A4-4CE9-BCD9-C7A3924A09BC}.AppStore|iPhone.ActiveCfg = Release|Any CPU
		{93B22C3D-82A4-4CE9-BCD9-C7A3924A09BC}.AppStore|iPhone.Build.0 = Release|Any CPU
		{93B22C3D-82A4-4CE9-BCD9-C7A3924A09BC}.AppStore|iPhone.Deploy.0 = Release|Any CPU
		{93B22C3D-82A4-4CE9-BCD9-C7A3924A09BC}.AppStore|iPhoneSimulator.ActiveCfg = Release|Any CPU
		{93B22C3D-82A4-4CE9-BCD9-C7A3924A09BC}.AppStore|iPhoneSimulator.Build.0 = Release|Any CPU
		{93B22C3D-82A4-4CE9-BCD9-C7A3924A09BC}.AppStore|iPhoneSimulator.Deploy.0 = Release|Any CPU
		{93B22C3D-82A4-4CE9-BCD9-C7A3924A09BC}.AppStore|x64.ActiveCfg = Release|Any CPU
		{93B22C3D-82A4-4CE9-BCD9-C7A3924A09BC}.AppStore|x64.Build.0 = Release|Any CPU
		{93B22C3D-82A4-4CE9-BCD9-C7A3924A09BC}.AppStore|x64.Deploy.0 = Release|Any CPU
		{93B22C3D-82A4-4CE9-BCD9-C7A3924A09BC}.AppStore|x86.ActiveCfg = Release|Any CPU
		{93B22C3D-82A4-4CE9-BCD9-C7A3924A09BC}.AppStore|x86.Build.0 = Release|Any CPU
		{93B22C3D-82A4-4CE9-BCD9-C7A3924A09BC}.AppStore|x86.Deploy.0 = Release|Any CPU
		{93B22C3D-82A4-4CE9-BCD9-C7A3924A09BC}.Debug|Any CPU.ActiveCfg = Debug|Any CPU
		{93B22C3D-82A4-4CE9-BCD9-C7A3924A09BC}.Debug|Any CPU.Build.0 = Debug|Any CPU
		{93B22C3D-82A4-4CE9-BCD9-C7A3924A09BC}.Debug|Any CPU.Deploy.0 = Debug|Any CPU
		{93B22C3D-82A4-4CE9-BCD9-C7A3924A09BC}.Debug|ARM.ActiveCfg = Debug|Any CPU
		{93B22C3D-82A4-4CE9-BCD9-C7A3924A09BC}.Debug|ARM.Build.0 = Debug|Any CPU
		{93B22C3D-82A4-4CE9-BCD9-C7A3924A09BC}.Debug|ARM.Deploy.0 = Debug|Any CPU
		{93B22C3D-82A4-4CE9-BCD9-C7A3924A09BC}.Debug|iPhone.ActiveCfg = Debug|Any CPU
		{93B22C3D-82A4-4CE9-BCD9-C7A3924A09BC}.Debug|iPhone.Build.0 = Debug|Any CPU
		{93B22C3D-82A4-4CE9-BCD9-C7A3924A09BC}.Debug|iPhone.Deploy.0 = Debug|Any CPU
		{93B22C3D-82A4-4CE9-BCD9-C7A3924A09BC}.Debug|iPhoneSimulator.ActiveCfg = Debug|Any CPU
		{93B22C3D-82A4-4CE9-BCD9-C7A3924A09BC}.Debug|iPhoneSimulator.Build.0 = Debug|Any CPU
		{93B22C3D-82A4-4CE9-BCD9-C7A3924A09BC}.Debug|iPhoneSimulator.Deploy.0 = Debug|Any CPU
		{93B22C3D-82A4-4CE9-BCD9-C7A3924A09BC}.Debug|x64.ActiveCfg = Debug|Any CPU
		{93B22C3D-82A4-4CE9-BCD9-C7A3924A09BC}.Debug|x64.Build.0 = Debug|Any CPU
		{93B22C3D-82A4-4CE9-BCD9-C7A3924A09BC}.Debug|x64.Deploy.0 = Debug|Any CPU
		{93B22C3D-82A4-4CE9-BCD9-C7A3924A09BC}.Debug|x86.ActiveCfg = Debug|Any CPU
		{93B22C3D-82A4-4CE9-BCD9-C7A3924A09BC}.Debug|x86.Build.0 = Debug|Any CPU
		{93B22C3D-82A4-4CE9-BCD9-C7A3924A09BC}.Debug|x86.Deploy.0 = Debug|Any CPU
		{93B22C3D-82A4-4CE9-BCD9-C7A3924A09BC}.Release|Any CPU.ActiveCfg = Release|Any CPU
		{93B22C3D-82A4-4CE9-BCD9-C7A3924A09BC}.Release|Any CPU.Build.0 = Release|Any CPU
		{93B22C3D-82A4-4CE9-BCD9-C7A3924A09BC}.Release|Any CPU.Deploy.0 = Release|Any CPU
		{93B22C3D-82A4-4CE9-BCD9-C7A3924A09BC}.Release|ARM.ActiveCfg = Release|Any CPU
		{93B22C3D-82A4-4CE9-BCD9-C7A3924A09BC}.Release|ARM.Build.0 = Release|Any CPU
		{93B22C3D-82A4-4CE9-BCD9-C7A3924A09BC}.Release|ARM.Deploy.0 = Release|Any CPU
		{93B22C3D-82A4-4CE9-BCD9-C7A3924A09BC}.Release|iPhone.ActiveCfg = Release|Any CPU
		{93B22C3D-82A4-4CE9-BCD9-C7A3924A09BC}.Release|iPhone.Build.0 = Release|Any CPU
		{93B22C3D-82A4-4CE9-BCD9-C7A3924A09BC}.Release|iPhone.Deploy.0 = Release|Any CPU
		{93B22C3D-82A4-4CE9-BCD9-C7A3924A09BC}.Release|iPhoneSimulator.ActiveCfg = Release|Any CPU
		{93B22C3D-82A4-4CE9-BCD9-C7A3924A09BC}.Release|iPhoneSimulator.Build.0 = Release|Any CPU
		{93B22C3D-82A4-4CE9-BCD9-C7A3924A09BC}.Release|iPhoneSimulator.Deploy.0 = Release|Any CPU
		{93B22C3D-82A4-4CE9-BCD9-C7A3924A09BC}.Release|x64.ActiveCfg = Release|Any CPU
		{93B22C3D-82A4-4CE9-BCD9-C7A3924A09BC}.Release|x64.Build.0 = Release|Any CPU
		{93B22C3D-82A4-4CE9-BCD9-C7A3924A09BC}.Release|x64.Deploy.0 = Release|Any CPU
		{93B22C3D-82A4-4CE9-BCD9-C7A3924A09BC}.Release|x86.ActiveCfg = Release|Any CPU
		{93B22C3D-82A4-4CE9-BCD9-C7A3924A09BC}.Release|x86.Build.0 = Release|Any CPU
		{93B22C3D-82A4-4CE9-BCD9-C7A3924A09BC}.Release|x86.Deploy.0 = Release|Any CPU
		{08525BDA-F6A2-49AA-A3E5-BBFABCBA691C}.Ad-Hoc|Any CPU.ActiveCfg = Release|x64
		{08525BDA-F6A2-49AA-A3E5-BBFABCBA691C}.Ad-Hoc|Any CPU.Build.0 = Release|x64
		{08525BDA-F6A2-49AA-A3E5-BBFABCBA691C}.Ad-Hoc|Any CPU.Deploy.0 = Release|x64
		{08525BDA-F6A2-49AA-A3E5-BBFABCBA691C}.Ad-Hoc|ARM.ActiveCfg = Release|ARM
		{08525BDA-F6A2-49AA-A3E5-BBFABCBA691C}.Ad-Hoc|ARM.Build.0 = Release|ARM
		{08525BDA-F6A2-49AA-A3E5-BBFABCBA691C}.Ad-Hoc|ARM.Deploy.0 = Release|ARM
		{08525BDA-F6A2-49AA-A3E5-BBFABCBA691C}.Ad-Hoc|iPhone.ActiveCfg = Release|x64
		{08525BDA-F6A2-49AA-A3E5-BBFABCBA691C}.Ad-Hoc|iPhone.Build.0 = Release|x64
		{08525BDA-F6A2-49AA-A3E5-BBFABCBA691C}.Ad-Hoc|iPhone.Deploy.0 = Release|x64
		{08525BDA-F6A2-49AA-A3E5-BBFABCBA691C}.Ad-Hoc|iPhoneSimulator.ActiveCfg = Release|x64
		{08525BDA-F6A2-49AA-A3E5-BBFABCBA691C}.Ad-Hoc|iPhoneSimulator.Build.0 = Release|x64
		{08525BDA-F6A2-49AA-A3E5-BBFABCBA691C}.Ad-Hoc|iPhoneSimulator.Deploy.0 = Release|x64
		{08525BDA-F6A2-49AA-A3E5-BBFABCBA691C}.Ad-Hoc|x64.ActiveCfg = Release|x64
		{08525BDA-F6A2-49AA-A3E5-BBFABCBA691C}.Ad-Hoc|x64.Build.0 = Release|x64
		{08525BDA-F6A2-49AA-A3E5-BBFABCBA691C}.Ad-Hoc|x64.Deploy.0 = Release|x64
		{08525BDA-F6A2-49AA-A3E5-BBFABCBA691C}.Ad-Hoc|x86.ActiveCfg = Release|x86
		{08525BDA-F6A2-49AA-A3E5-BBFABCBA691C}.Ad-Hoc|x86.Build.0 = Release|x86
		{08525BDA-F6A2-49AA-A3E5-BBFABCBA691C}.Ad-Hoc|x86.Deploy.0 = Release|x86
		{08525BDA-F6A2-49AA-A3E5-BBFABCBA691C}.AppStore|Any CPU.ActiveCfg = Release|x64
		{08525BDA-F6A2-49AA-A3E5-BBFABCBA691C}.AppStore|Any CPU.Build.0 = Release|x64
		{08525BDA-F6A2-49AA-A3E5-BBFABCBA691C}.AppStore|Any CPU.Deploy.0 = Release|x64
		{08525BDA-F6A2-49AA-A3E5-BBFABCBA691C}.AppStore|ARM.ActiveCfg = Release|ARM
		{08525BDA-F6A2-49AA-A3E5-BBFABCBA691C}.AppStore|ARM.Build.0 = Release|ARM
		{08525BDA-F6A2-49AA-A3E5-BBFABCBA691C}.AppStore|ARM.Deploy.0 = Release|ARM
		{08525BDA-F6A2-49AA-A3E5-BBFABCBA691C}.AppStore|iPhone.ActiveCfg = Release|x64
		{08525BDA-F6A2-49AA-A3E5-BBFABCBA691C}.AppStore|iPhone.Build.0 = Release|x64
		{08525BDA-F6A2-49AA-A3E5-BBFABCBA691C}.AppStore|iPhone.Deploy.0 = Release|x64
		{08525BDA-F6A2-49AA-A3E5-BBFABCBA691C}.AppStore|iPhoneSimulator.ActiveCfg = Release|x64
		{08525BDA-F6A2-49AA-A3E5-BBFABCBA691C}.AppStore|iPhoneSimulator.Build.0 = Release|x64
		{08525BDA-F6A2-49AA-A3E5-BBFABCBA691C}.AppStore|iPhoneSimulator.Deploy.0 = Release|x64
		{08525BDA-F6A2-49AA-A3E5-BBFABCBA691C}.AppStore|x64.ActiveCfg = Release|x64
		{08525BDA-F6A2-49AA-A3E5-BBFABCBA691C}.AppStore|x64.Build.0 = Release|x64
		{08525BDA-F6A2-49AA-A3E5-BBFABCBA691C}.AppStore|x64.Deploy.0 = Release|x64
		{08525BDA-F6A2-49AA-A3E5-BBFABCBA691C}.AppStore|x86.ActiveCfg = Release|x86
		{08525BDA-F6A2-49AA-A3E5-BBFABCBA691C}.AppStore|x86.Build.0 = Release|x86
		{08525BDA-F6A2-49AA-A3E5-BBFABCBA691C}.AppStore|x86.Deploy.0 = Release|x86
		{08525BDA-F6A2-49AA-A3E5-BBFABCBA691C}.Debug|Any CPU.ActiveCfg = Debug|x86
		{08525BDA-F6A2-49AA-A3E5-BBFABCBA691C}.Debug|ARM.ActiveCfg = Debug|ARM
		{08525BDA-F6A2-49AA-A3E5-BBFABCBA691C}.Debug|ARM.Build.0 = Debug|ARM
		{08525BDA-F6A2-49AA-A3E5-BBFABCBA691C}.Debug|ARM.Deploy.0 = Debug|ARM
		{08525BDA-F6A2-49AA-A3E5-BBFABCBA691C}.Debug|iPhone.ActiveCfg = Debug|x86
		{08525BDA-F6A2-49AA-A3E5-BBFABCBA691C}.Debug|iPhoneSimulator.ActiveCfg = Debug|x86
		{08525BDA-F6A2-49AA-A3E5-BBFABCBA691C}.Debug|x64.ActiveCfg = Debug|x64
		{08525BDA-F6A2-49AA-A3E5-BBFABCBA691C}.Debug|x64.Build.0 = Debug|x64
		{08525BDA-F6A2-49AA-A3E5-BBFABCBA691C}.Debug|x64.Deploy.0 = Debug|x64
		{08525BDA-F6A2-49AA-A3E5-BBFABCBA691C}.Debug|x86.ActiveCfg = Debug|x86
		{08525BDA-F6A2-49AA-A3E5-BBFABCBA691C}.Debug|x86.Build.0 = Debug|x86
		{08525BDA-F6A2-49AA-A3E5-BBFABCBA691C}.Debug|x86.Deploy.0 = Debug|x86
		{08525BDA-F6A2-49AA-A3E5-BBFABCBA691C}.Release|Any CPU.ActiveCfg = Release|x86
		{08525BDA-F6A2-49AA-A3E5-BBFABCBA691C}.Release|ARM.ActiveCfg = Release|ARM
		{08525BDA-F6A2-49AA-A3E5-BBFABCBA691C}.Release|ARM.Build.0 = Release|ARM
		{08525BDA-F6A2-49AA-A3E5-BBFABCBA691C}.Release|ARM.Deploy.0 = Release|ARM
		{08525BDA-F6A2-49AA-A3E5-BBFABCBA691C}.Release|iPhone.ActiveCfg = Release|x86
		{08525BDA-F6A2-49AA-A3E5-BBFABCBA691C}.Release|iPhoneSimulator.ActiveCfg = Release|x86
		{08525BDA-F6A2-49AA-A3E5-BBFABCBA691C}.Release|x64.ActiveCfg = Release|x64
		{08525BDA-F6A2-49AA-A3E5-BBFABCBA691C}.Release|x64.Build.0 = Release|x64
		{08525BDA-F6A2-49AA-A3E5-BBFABCBA691C}.Release|x64.Deploy.0 = Release|x64
		{08525BDA-F6A2-49AA-A3E5-BBFABCBA691C}.Release|x86.ActiveCfg = Release|x86
		{08525BDA-F6A2-49AA-A3E5-BBFABCBA691C}.Release|x86.Build.0 = Release|x86
		{08525BDA-F6A2-49AA-A3E5-BBFABCBA691C}.Release|x86.Deploy.0 = Release|x86
	EndGlobalSection
	GlobalSection(SolutionProperties) = preSolution
		HideSolutionNode = FALSE
	EndGlobalSection
	GlobalSection(ExtensibilityGlobals) = postSolution
		SolutionGuid = {4BEADDCF-6D13-41AF-BAC5-B942FF0459B0}
	EndGlobalSection
EndGlobal
